
Microsoft Visual Studio Solution File, Format Version 12.00
# Visual Studio 15
VisualStudioVersion = 15.0.27130.2010
MinimumVisualStudioVersion = 10.0.40219.1
Project("{FAE04EC0-301F-11D3-BF4B-00C04F79EFBC}") = "Stuff.App", "Stuff.App\Stuff.App.csproj", "{0A9C5031-1C74-455D-BEE0-CA7631A4FCBB}"
EndProject
Project("{FAE04EC0-301F-11D3-BF4B-00C04F79EFBC}") = "Stuff.Tests", "Stuff.Tests\Stuff.Tests.csproj", "{F6B82A51-8172-4E05-B46C-DDBE2DEBE227}"
EndProject
Global
	GlobalSection(SolutionConfigurationPlatforms) = preSolution
		Debug|Any CPU = Debug|Any CPU
		Release|Any CPU = Release|Any CPU
	EndGlobalSection
	GlobalSection(ProjectConfigurationPlatforms) = postSolution
		{0A9C5031-1C74-455D-BEE0-CA7631A4FCBB}.Debug|Any CPU.ActiveCfg = Debug|Any CPU
		{0A9C5031-1C74-455D-BEE0-CA7631A4FCBB}.Debug|Any CPU.Build.0 = Debug|Any CPU
		{0A9C5031-1C74-455D-BEE0-CA7631A4FCBB}.Release|Any CPU.ActiveCfg = Release|Any CPU
		{0A9C5031-1C74-455D-BEE0-CA7631A4FCBB}.Release|Any CPU.Build.0 = Release|Any CPU
		{F6B82A51-8172-4E05-B46C-DDBE2DEBE227}.Debug|Any CPU.ActiveCfg = Debug|Any CPU
		{F6B82A51-8172-4E05-B46C-DDBE2DEBE227}.Debug|Any CPU.Build.0 = Debug|Any CPU
		{F6B82A51-8172-4E05-B46C-DDBE2DEBE227}.Release|Any CPU.ActiveCfg = Release|Any CPU
		{F6B82A51-8172-4E05-B46C-DDBE2DEBE227}.Release|Any CPU.Build.0 = Release|Any CPU
	EndGlobalSection
	GlobalSection(SolutionProperties) = preSolution
		HideSolutionNode = FALSE
	EndGlobalSection
	GlobalSection(ExtensibilityGlobals) = postSolution
		SolutionGuid = {7E232AA7-25F3-4176-9E7F-F7120F9AE591}
	EndGlobalSection
EndGlobal
